
Microsoft Visual Studio Solution File, Format Version 12.00
# Visual Studio Version 17
VisualStudioVersion = 17.5.002.0
MinimumVisualStudioVersion = 10.0.40219.1
Project("{2150E333-8FDC-42A3-9474-1A3956D46DE8}") = "backend", "backend", "{C02E1CA8-3472-48E8-BC98-0FE701ABACB4}"
EndProject
Project("{9A19103F-16F7-4668-BE54-9A1E7A4F7556}") = "api", "backend\api\api.csproj", "{96CAA6EE-FD8E-40E6-9B4A-1C5D133FB915}"
EndProject
Global
	GlobalSection(SolutionConfigurationPlatforms) = preSolution
		Debug|Any CPU = Debug|Any CPU
		Release|Any CPU = Release|Any CPU
	EndGlobalSection
	GlobalSection(ProjectConfigurationPlatforms) = postSolution
		{96CAA6EE-FD8E-40E6-9B4A-1C5D133FB915}.Debug|Any CPU.ActiveCfg = Debug|Any CPU
		{96CAA6EE-FD8E-40E6-9B4A-1C5D133FB915}.Debug|Any CPU.Build.0 = Debug|Any CPU
		{96CAA6EE-FD8E-40E6-9B4A-1C5D133FB915}.Release|Any CPU.ActiveCfg = Release|Any CPU
		{96CAA6EE-FD8E-40E6-9B4A-1C5D133FB915}.Release|Any CPU.Build.0 = Release|Any CPU
	EndGlobalSection
	GlobalSection(SolutionProperties) = preSolution
		HideSolutionNode = FALSE
	EndGlobalSection
	GlobalSection(NestedProjects) = preSolution
		{96CAA6EE-FD8E-40E6-9B4A-1C5D133FB915} = {C02E1CA8-3472-48E8-BC98-0FE701ABACB4}
	EndGlobalSection
	GlobalSection(ExtensibilityGlobals) = postSolution
		SolutionGuid = {DFFDD743-F0D9-431B-8F6F-6BB5A9096955}
	EndGlobalSection
EndGlobal
